
Microsoft Visual Studio Solution File, Format Version 12.00
# Visual Studio 15
VisualStudioVersion = 15.0.28307.136
MinimumVisualStudioVersion = 10.0.40219.1
Project("{FAE04EC0-301F-11D3-BF4B-00C04F79EFBC}") = "cellular-ga", "cellular-ga\cellular-ga.csproj", "{363CA1B5-6D6E-4E81-94CA-54ACDD78E74D}"
EndProject
Global
	GlobalSection(SolutionConfigurationPlatforms) = preSolution
		Debug|Any CPU = Debug|Any CPU
		Release|Any CPU = Release|Any CPU
	EndGlobalSection
	GlobalSection(ProjectConfigurationPlatforms) = postSolution
		{363CA1B5-6D6E-4E81-94CA-54ACDD78E74D}.Debug|Any CPU.ActiveCfg = Debug|Any CPU
		{363CA1B5-6D6E-4E81-94CA-54ACDD78E74D}.Debug|Any CPU.Build.0 = Debug|Any CPU
		{363CA1B5-6D6E-4E81-94CA-54ACDD78E74D}.Release|Any CPU.ActiveCfg = Release|Any CPU
		{363CA1B5-6D6E-4E81-94CA-54ACDD78E74D}.Release|Any CPU.Build.0 = Release|Any CPU
	EndGlobalSection
	GlobalSection(SolutionProperties) = preSolution
		HideSolutionNode = FALSE
	EndGlobalSection
	GlobalSection(ExtensibilityGlobals) = postSolution
		SolutionGuid = {BECAF4D3-ABEE-4FE4-836F-7B46DC56ECF2}
	EndGlobalSection
EndGlobal
